version = 1
revision = 2
requires-python = ">=3.9"

[[package]]
name = "greenlet"
version = "3.2.2"
source = { registry = "https://pypi.org/simple" }
sdist = { url = "https://files.pythonhosted.org/packages/34/c1/a82edae11d46c0d83481aacaa1e578fea21d94a1ef400afd734d47ad95ad/greenlet-3.2.2.tar.gz", hash = "sha256:ad053d34421a2debba45aa3cc39acf454acbcd025b3fc1a9f8a0dee237abd485", size = 185797, upload-time = "2025-05-09T19:47:35.066Z" }
wheels = [
    { url = "https://files.pythonhosted.org/packages/05/66/910217271189cc3f32f670040235f4bf026ded8ca07270667d69c06e7324/greenlet-3.2.2-cp310-cp310-macosx_11_0_universal2.whl", hash = "sha256:c49e9f7c6f625507ed83a7485366b46cbe325717c60837f7244fc99ba16ba9d6", size = 267395, upload-time = "2025-05-09T14:50:45.357Z" },
    { url = "https://files.pythonhosted.org/packages/a8/36/8d812402ca21017c82880f399309afadb78a0aa300a9b45d741e4df5d954/greenlet-3.2.2-cp310-cp310-manylinux_2_17_aarch64.manylinux2014_aarch64.whl", hash = "sha256:c3cc1a3ed00ecfea8932477f729a9f616ad7347a5e55d50929efa50a86cb7be7", size = 625742, upload-time = "2025-05-09T15:23:58.293Z" },
    { url = "https://files.pythonhosted.org/packages/7b/77/66d7b59dfb7cc1102b2f880bc61cb165ee8998c9ec13c96606ba37e54c77/greenlet-3.2.2-cp310-cp310-manylinux_2_17_ppc64le.manylinux2014_ppc64le.whl", hash = "sha256:7c9896249fbef2c615853b890ee854f22c671560226c9221cfd27c995db97e5c", size = 637014, upload-time = "2025-05-09T15:24:47.025Z" },
    { url = "https://files.pythonhosted.org/packages/36/a7/ff0d408f8086a0d9a5aac47fa1b33a040a9fca89bd5a3f7b54d1cd6e2793/greenlet-3.2.2-cp310-cp310-manylinux_2_17_s390x.manylinux2014_s390x.whl", hash = "sha256:7409796591d879425997a518138889d8d17e63ada7c99edc0d7a1c22007d4907", size = 632874, upload-time = "2025-05-09T15:29:20.014Z" },
    { url = "https://files.pythonhosted.org/packages/a1/75/1dc2603bf8184da9ebe69200849c53c3c1dca5b3a3d44d9f5ca06a930550/greenlet-3.2.2-cp310-cp310-manylinux_2_17_x86_64.manylinux2014_x86_64.whl", hash = "sha256:7791dcb496ec53d60c7f1c78eaa156c21f402dda38542a00afc3e20cae0f480f", size = 631652, upload-time = "2025-05-09T14:53:30.961Z" },
    { url = "https://files.pythonhosted.org/packages/7b/74/ddc8c3bd4c2c20548e5bf2b1d2e312a717d44e2eca3eadcfc207b5f5ad80/greenlet-3.2.2-cp310-cp310-manylinux_2_24_x86_64.manylinux_2_28_x86_64.whl", hash = "sha256:d8009ae46259e31bc73dc183e402f548e980c96f33a6ef58cc2e7865db012e13", size = 580619, upload-time = "2025-05-09T14:53:42.049Z" },
    { url = "https://files.pythonhosted.org/packages/7e/f2/40f26d7b3077b1c7ae7318a4de1f8ffc1d8ccbad8f1d8979bf5080250fd6/greenlet-3.2.2-cp310-cp310-musllinux_1_1_aarch64.whl", hash = "sha256:fd9fb7c941280e2c837b603850efc93c999ae58aae2b40765ed682a6907ebbc5", size = 1109809, upload-time = "2025-05-09T15:26:59.063Z" },
    { url = "https://files.pythonhosted.org/packages/c5/21/9329e8c276746b0d2318b696606753f5e7b72d478adcf4ad9a975521ea5f/greenlet-3.2.2-cp310-cp310-musllinux_1_1_x86_64.whl", hash = "sha256:00cd814b8959b95a546e47e8d589610534cfb71f19802ea8a2ad99d95d702057", size = 1133455, upload-time = "2025-05-09T14:53:55.823Z" },
    { url = "https://files.pythonhosted.org/packages/bb/1e/0dca9619dbd736d6981f12f946a497ec21a0ea27262f563bca5729662d4d/greenlet-3.2.2-cp310-cp310-win_amd64.whl", hash = "sha256:d0cb7d47199001de7658c213419358aa8937df767936506db0db7ce1a71f4a2f", size = 294991, upload-time = "2025-05-09T15:05:56.847Z" },
    { url = "https://files.pythonhosted.org/packages/a3/9f/a47e19261747b562ce88219e5ed8c859d42c6e01e73da6fbfa3f08a7be13/greenlet-3.2.2-cp311-cp311-macosx_11_0_universal2.whl", hash = "sha256:dcb9cebbf3f62cb1e5afacae90761ccce0effb3adaa32339a0670fe7805d8068", size = 268635, upload-time = "2025-05-09T14:50:39.007Z" },
    { url = "https://files.pythonhosted.org/packages/11/80/a0042b91b66975f82a914d515e81c1944a3023f2ce1ed7a9b22e10b46919/greenlet-3.2.2-cp311-cp311-manylinux_2_17_aarch64.manylinux2014_aarch64.whl", hash = "sha256:bf3fc9145141250907730886b031681dfcc0de1c158f3cc51c092223c0f381ce", size = 628786, upload-time = "2025-05-09T15:24:00.692Z" },
    { url = "https://files.pythonhosted.org/packages/38/a2/8336bf1e691013f72a6ebab55da04db81a11f68e82bb691f434909fa1327/greenlet-3.2.2-cp311-cp311-manylinux_2_17_ppc64le.manylinux2014_ppc64le.whl", hash = "sha256:efcdfb9df109e8a3b475c016f60438fcd4be68cd13a365d42b35914cdab4bb2b", size = 640866, upload-time = "2025-05-09T15:24:48.153Z" },
    { url = "https://files.pythonhosted.org/packages/f8/7e/f2a3a13e424670a5d08826dab7468fa5e403e0fbe0b5f951ff1bc4425b45/greenlet-3.2.2-cp311-cp311-manylinux_2_17_s390x.manylinux2014_s390x.whl", hash = "sha256:4bd139e4943547ce3a56ef4b8b1b9479f9e40bb47e72cc906f0f66b9d0d5cab3", size = 636752, upload-time = "2025-05-09T15:29:23.182Z" },
    { url = "https://files.pythonhosted.org/packages/fd/5d/ce4a03a36d956dcc29b761283f084eb4a3863401c7cb505f113f73af8774/greenlet-3.2.2-cp311-cp311-manylinux_2_17_x86_64.manylinux2014_x86_64.whl", hash = "sha256:71566302219b17ca354eb274dfd29b8da3c268e41b646f330e324e3967546a74", size = 636028, upload-time = "2025-05-09T14:53:32.854Z" },
    { url = "https://files.pythonhosted.org/packages/4b/29/b130946b57e3ceb039238413790dd3793c5e7b8e14a54968de1fe449a7cf/greenlet-3.2.2-cp311-cp311-manylinux_2_24_x86_64.manylinux_2_28_x86_64.whl", hash = "sha256:3091bc45e6b0c73f225374fefa1536cd91b1e987377b12ef5b19129b07d93ebe", size = 583869, upload-time = "2025-05-09T14:53:43.614Z" },
    { url = "https://files.pythonhosted.org/packages/ac/30/9f538dfe7f87b90ecc75e589d20cbd71635531a617a336c386d775725a8b/greenlet-3.2.2-cp311-cp311-musllinux_1_1_aarch64.whl", hash = "sha256:44671c29da26539a5f142257eaba5110f71887c24d40df3ac87f1117df589e0e", size = 1112886, upload-time = "2025-05-09T15:27:01.304Z" },
    { url = "https://files.pythonhosted.org/packages/be/92/4b7deeb1a1e9c32c1b59fdca1cac3175731c23311ddca2ea28a8b6ada91c/greenlet-3.2.2-cp311-cp311-musllinux_1_1_x86_64.whl", hash = "sha256:c23ea227847c9dbe0b3910f5c0dd95658b607137614eb821e6cbaecd60d81cc6", size = 1138355, upload-time = "2025-05-09T14:53:58.011Z" },
    { url = "https://files.pythonhosted.org/packages/c5/eb/7551c751a2ea6498907b2fcbe31d7a54b602ba5e8eb9550a9695ca25d25c/greenlet-3.2.2-cp311-cp311-win_amd64.whl", hash = "sha256:0a16fb934fcabfdfacf21d79e6fed81809d8cd97bc1be9d9c89f0e4567143d7b", size = 295437, upload-time = "2025-05-09T15:00:57.733Z" },
    { url = "https://files.pythonhosted.org/packages/2c/a1/88fdc6ce0df6ad361a30ed78d24c86ea32acb2b563f33e39e927b1da9ea0/greenlet-3.2.2-cp312-cp312-macosx_11_0_universal2.whl", hash = "sha256:df4d1509efd4977e6a844ac96d8be0b9e5aa5d5c77aa27ca9f4d3f92d3fcf330", size = 270413, upload-time = "2025-05-09T14:51:32.455Z" },
    { url = "https://files.pythonhosted.org/packages/a6/2e/6c1caffd65490c68cd9bcec8cb7feb8ac7b27d38ba1fea121fdc1f2331dc/greenlet-3.2.2-cp312-cp312-manylinux_2_17_aarch64.manylinux2014_aarch64.whl", hash = "sha256:da956d534a6d1b9841f95ad0f18ace637668f680b1339ca4dcfb2c1837880a0b", size = 637242, upload-time = "2025-05-09T15:24:02.63Z" },
    { url = "https://files.pythonhosted.org/packages/98/28/088af2cedf8823b6b7ab029a5626302af4ca1037cf8b998bed3a8d3cb9e2/greenlet-3.2.2-cp312-cp312-manylinux_2_17_ppc64le.manylinux2014_ppc64le.whl", hash = "sha256:9c7b15fb9b88d9ee07e076f5a683027bc3befd5bb5d25954bb633c385d8b737e", size = 651444, upload-time = "2025-05-09T15:24:49.856Z" },
    { url = "https://files.pythonhosted.org/packages/4a/9f/0116ab876bb0bc7a81eadc21c3f02cd6100dcd25a1cf2a085a130a63a26a/greenlet-3.2.2-cp312-cp312-manylinux_2_17_s390x.manylinux2014_s390x.whl", hash = "sha256:752f0e79785e11180ebd2e726c8a88109ded3e2301d40abced2543aa5d164275", size = 646067, upload-time = "2025-05-09T15:29:24.989Z" },
    { url = "https://files.pythonhosted.org/packages/35/17/bb8f9c9580e28a94a9575da847c257953d5eb6e39ca888239183320c1c28/greenlet-3.2.2-cp312-cp312-manylinux_2_17_x86_64.manylinux2014_x86_64.whl", hash = "sha256:9ae572c996ae4b5e122331e12bbb971ea49c08cc7c232d1bd43150800a2d6c65", size = 648153, upload-time = "2025-05-09T14:53:34.716Z" },
    { url = "https://files.pythonhosted.org/packages/2c/ee/7f31b6f7021b8df6f7203b53b9cc741b939a2591dcc6d899d8042fcf66f2/greenlet-3.2.2-cp312-cp312-manylinux_2_24_x86_64.manylinux_2_28_x86_64.whl", hash = "sha256:02f5972ff02c9cf615357c17ab713737cccfd0eaf69b951084a9fd43f39833d3", size = 603865, upload-time = "2025-05-09T14:53:45.738Z" },
    { url = "https://files.pythonhosted.org/packages/b5/2d/759fa59323b521c6f223276a4fc3d3719475dc9ae4c44c2fe7fc750f8de0/greenlet-3.2.2-cp312-cp312-musllinux_1_1_aarch64.whl", hash = "sha256:4fefc7aa68b34b9224490dfda2e70ccf2131368493add64b4ef2d372955c207e", size = 1119575, upload-time = "2025-05-09T15:27:04.248Z" },
    { url = "https://files.pythonhosted.org/packages/30/05/356813470060bce0e81c3df63ab8cd1967c1ff6f5189760c1a4734d405ba/greenlet-3.2.2-cp312-cp312-musllinux_1_1_x86_64.whl", hash = "sha256:a31ead8411a027c2c4759113cf2bd473690517494f3d6e4bf67064589afcd3c5", size = 1147460, upload-time = "2025-05-09T14:54:00.315Z" },
    { url = "https://files.pythonhosted.org/packages/07/f4/b2a26a309a04fb844c7406a4501331b9400e1dd7dd64d3450472fd47d2e1/greenlet-3.2.2-cp312-cp312-win_amd64.whl", hash = "sha256:b24c7844c0a0afc3ccbeb0b807adeefb7eff2b5599229ecedddcfeb0ef333bec", size = 296239, upload-time = "2025-05-09T14:57:17.633Z" },
    { url = "https://files.pythonhosted.org/packages/89/30/97b49779fff8601af20972a62cc4af0c497c1504dfbb3e93be218e093f21/greenlet-3.2.2-cp313-cp313-macosx_11_0_universal2.whl", hash = "sha256:3ab7194ee290302ca15449f601036007873028712e92ca15fc76597a0aeb4c59", size = 269150, upload-time = "2025-05-09T14:50:30.784Z" },
    { url = "https://files.pythonhosted.org/packages/21/30/877245def4220f684bc2e01df1c2e782c164e84b32e07373992f14a2d107/greenlet-3.2.2-cp313-cp313-manylinux_2_17_aarch64.manylinux2014_aarch64.whl", hash = "sha256:2dc5c43bb65ec3669452af0ab10729e8fdc17f87a1f2ad7ec65d4aaaefabf6bf", size = 637381, upload-time = "2025-05-09T15:24:12.893Z" },
    { url = "https://files.pythonhosted.org/packages/8e/16/adf937908e1f913856b5371c1d8bdaef5f58f251d714085abeea73ecc471/greenlet-3.2.2-cp313-cp313-manylinux_2_17_ppc64le.manylinux2014_ppc64le.whl", hash = "sha256:decb0658ec19e5c1f519faa9a160c0fc85a41a7e6654b3ce1b44b939f8bf1325", size = 651427, upload-time = "2025-05-09T15:24:51.074Z" },
    { url = "https://files.pythonhosted.org/packages/ad/49/6d79f58fa695b618654adac64e56aff2eeb13344dc28259af8f505662bb1/greenlet-3.2.2-cp313-cp313-manylinux_2_17_s390x.manylinux2014_s390x.whl", hash = "sha256:6fadd183186db360b61cb34e81117a096bff91c072929cd1b529eb20dd46e6c5", size = 645795, upload-time = "2025-05-09T15:29:26.673Z" },
    { url = "https://files.pythonhosted.org/packages/5a/e6/28ed5cb929c6b2f001e96b1d0698c622976cd8f1e41fe7ebc047fa7c6dd4/greenlet-3.2.2-cp313-cp313-manylinux_2_17_x86_64.manylinux2014_x86_64.whl", hash = "sha256:1919cbdc1c53ef739c94cf2985056bcc0838c1f217b57647cbf4578576c63825", size = 648398, upload-time = "2025-05-09T14:53:36.61Z" },
    { url = "https://files.pythonhosted.org/packages/9d/70/b200194e25ae86bc57077f695b6cc47ee3118becf54130c5514456cf8dac/greenlet-3.2.2-cp313-cp313-manylinux_2_24_x86_64.manylinux_2_28_x86_64.whl", hash = "sha256:3885f85b61798f4192d544aac7b25a04ece5fe2704670b4ab73c2d2c14ab740d", size = 606795, upload-time = "2025-05-09T14:53:47.039Z" },
    { url = "https://files.pythonhosted.org/packages/f8/c8/ba1def67513a941154ed8f9477ae6e5a03f645be6b507d3930f72ed508d3/greenlet-3.2.2-cp313-cp313-musllinux_1_1_aarch64.whl", hash = "sha256:85f3e248507125bf4af607a26fd6cb8578776197bd4b66e35229cdf5acf1dfbf", size = 1117976, upload-time = "2025-05-09T15:27:06.542Z" },
    { url = "https://files.pythonhosted.org/packages/c3/30/d0e88c1cfcc1b3331d63c2b54a0a3a4a950ef202fb8b92e772ca714a9221/greenlet-3.2.2-cp313-cp313-musllinux_1_1_x86_64.whl", hash = "sha256:1e76106b6fc55fa3d6fe1c527f95ee65e324a13b62e243f77b48317346559708", size = 1145509, upload-time = "2025-05-09T14:54:02.223Z" },
    { url = "https://files.pythonhosted.org/packages/90/2e/59d6491834b6e289051b252cf4776d16da51c7c6ca6a87ff97e3a50aa0cd/greenlet-3.2.2-cp313-cp313-win_amd64.whl", hash = "sha256:fe46d4f8e94e637634d54477b0cfabcf93c53f29eedcbdeecaf2af32029b4421", size = 296023, upload-time = "2025-05-09T14:53:24.157Z" },
    { url = "https://files.pythonhosted.org/packages/65/66/8a73aace5a5335a1cba56d0da71b7bd93e450f17d372c5b7c5fa547557e9/greenlet-3.2.2-cp313-cp313t-manylinux_2_17_aarch64.manylinux2014_aarch64.whl", hash = "sha256:ba30e88607fb6990544d84caf3c706c4b48f629e18853fc6a646f82db9629418", size = 629911, upload-time = "2025-05-09T15:24:22.376Z" },
    { url = "https://files.pythonhosted.org/packages/48/08/c8b8ebac4e0c95dcc68ec99198842e7db53eda4ab3fb0a4e785690883991/greenlet-3.2.2-cp313-cp313t-manylinux_2_17_ppc64le.manylinux2014_ppc64le.whl", hash = "sha256:055916fafad3e3388d27dd68517478933a97edc2fc54ae79d3bec827de2c64c4", size = 635251, upload-time = "2025-05-09T15:24:52.205Z" },
    { url = "https://files.pythonhosted.org/packages/37/26/7db30868f73e86b9125264d2959acabea132b444b88185ba5c462cb8e571/greenlet-3.2.2-cp313-cp313t-manylinux_2_17_s390x.manylinux2014_s390x.whl", hash = "sha256:2593283bf81ca37d27d110956b79e8723f9aa50c4bcdc29d3c0543d4743d2763", size = 632620, upload-time = "2025-05-09T15:29:28.051Z" },
    { url = "https://files.pythonhosted.org/packages/10/ec/718a3bd56249e729016b0b69bee4adea0dfccf6ca43d147ef3b21edbca16/greenlet-3.2.2-cp313-cp313t-manylinux_2_17_x86_64.manylinux2014_x86_64.whl", hash = "sha256:89c69e9a10670eb7a66b8cef6354c24671ba241f46152dd3eed447f79c29fb5b", size = 628851, upload-time = "2025-05-09T14:53:38.472Z" },
    { url = "https://files.pythonhosted.org/packages/9b/9d/d1c79286a76bc62ccdc1387291464af16a4204ea717f24e77b0acd623b99/greenlet-3.2.2-cp313-cp313t-manylinux_2_24_x86_64.manylinux_2_28_x86_64.whl", hash = "sha256:02a98600899ca1ca5d3a2590974c9e3ec259503b2d6ba6527605fcd74e08e207", size = 593718, upload-time = "2025-05-09T14:53:48.313Z" },
    { url = "https://files.pythonhosted.org/packages/cd/41/96ba2bf948f67b245784cd294b84e3d17933597dffd3acdb367a210d1949/greenlet-3.2.2-cp313-cp313t-musllinux_1_1_aarch64.whl", hash = "sha256:b50a8c5c162469c3209e5ec92ee4f95c8231b11db6a04db09bbe338176723bb8", size = 1105752, upload-time = "2025-05-09T15:27:08.217Z" },
    { url = "https://files.pythonhosted.org/packages/68/3b/3b97f9d33c1f2eb081759da62bd6162159db260f602f048bc2f36b4c453e/greenlet-3.2.2-cp313-cp313t-musllinux_1_1_x86_64.whl", hash = "sha256:45f9f4853fb4cc46783085261c9ec4706628f3b57de3e68bae03e8f8b3c0de51", size = 1125170, upload-time = "2025-05-09T14:54:04.082Z" },
    { url = "https://files.pythonhosted.org/packages/31/df/b7d17d66c8d0f578d2885a3d8f565e9e4725eacc9d3fdc946d0031c055c4/greenlet-3.2.2-cp314-cp314-macosx_11_0_universal2.whl", hash = "sha256:9ea5231428af34226c05f927e16fc7f6fa5e39e3ad3cd24ffa48ba53a47f4240", size = 269899, upload-time = "2025-05-09T14:54:01.581Z" },
    { url = "https://files.pythonhosted.org/packages/37/3a/dbf22e1c7c1affc68ad4bc8f06619945c74a92b112ae6a401bed1f1ed63b/greenlet-3.2.2-cp39-cp39-macosx_11_0_universal2.whl", hash = "sha256:1e4747712c4365ef6765708f948acc9c10350719ca0545e362c24ab973017370", size = 266190, upload-time = "2025-05-09T14:50:53.356Z" },
    { url = "https://files.pythonhosted.org/packages/33/b1/21fabb65b13f504e8428595c54be73b78e7a542a2bd08ed9e1c56c8fcee2/greenlet-3.2.2-cp39-cp39-manylinux_2_17_aarch64.manylinux2014_aarch64.whl", hash = "sha256:782743700ab75716650b5238a4759f840bb2dcf7bff56917e9ffdf9f1f23ec59", size = 623904, upload-time = "2025-05-09T15:24:24.588Z" },
    { url = "https://files.pythonhosted.org/packages/ec/9e/3346e463f13b593aafc683df6a85e9495a9b0c16c54c41f7e34353adea40/greenlet-3.2.2-cp39-cp39-manylinux_2_17_ppc64le.manylinux2014_ppc64le.whl", hash = "sha256:354f67445f5bed6604e493a06a9a49ad65675d3d03477d38a4db4a427e9aad0e", size = 635672, upload-time = "2025-05-09T15:24:53.737Z" },
    { url = "https://files.pythonhosted.org/packages/8e/88/6e8459e4789a276d1a18d656fd95334d21fe0609c6d6f446f88dbfd9483d/greenlet-3.2.2-cp39-cp39-manylinux_2_17_s390x.manylinux2014_s390x.whl", hash = "sha256:3aeca9848d08ce5eb653cf16e15bb25beeab36e53eb71cc32569f5f3afb2a3aa", size = 630975, upload-time = "2025-05-09T15:29:29.393Z" },
    { url = "https://files.pythonhosted.org/packages/ab/80/81ccf96daf166e8334c37663498dad742d61114cdf801f4872a38e8e31d5/greenlet-3.2.2-cp39-cp39-manylinux_2_17_x86_64.manylinux2014_x86_64.whl", hash = "sha256:8cb8553ee954536500d88a1a2f58fcb867e45125e600e80f586ade399b3f8819", size = 630252, upload-time = "2025-05-09T14:53:42.765Z" },
    { url = "https://files.pythonhosted.org/packages/c1/61/3489e3fd3b7dc81c73368177313231a1a1b30df660a0c117830aa18e0f29/greenlet-3.2.2-cp39-cp39-manylinux_2_24_x86_64.manylinux_2_28_x86_64.whl", hash = "sha256:1592a615b598643dbfd566bac8467f06c8c8ab6e56f069e573832ed1d5d528cc", size = 579122, upload-time = "2025-05-09T14:53:49.702Z" },
    { url = "https://files.pythonhosted.org/packages/be/55/57685fe335e88f8c75d204f9967e46e5fba601f861fb80821e5fb7ab959d/greenlet-3.2.2-cp39-cp39-musllinux_1_1_aarch64.whl", hash = "sha256:1f72667cc341c95184f1c68f957cb2d4fc31eef81646e8e59358a10ce6689457", size = 1108299, upload-time = "2025-05-09T15:27:10.193Z" },
    { url = "https://files.pythonhosted.org/packages/ef/e2/3f27dd194989e8481ccac3b36932836b596d58f908106b8608f98587d9f7/greenlet-3.2.2-cp39-cp39-musllinux_1_1_x86_64.whl", hash = "sha256:a8fa80665b1a29faf76800173ff5325095f3e66a78e62999929809907aca5659", size = 1132431, upload-time = "2025-05-09T14:54:05.517Z" },
    { url = "https://files.pythonhosted.org/packages/ce/7b/803075f7b1df9165032af07d81d783b04c59e64fb28b09fd7a0e5a249adc/greenlet-3.2.2-cp39-cp39-win32.whl", hash = "sha256:6629311595e3fe7304039c67f00d145cd1d38cf723bb5b99cc987b23c1433d61", size = 277740, upload-time = "2025-05-09T15:13:47.009Z" },
    { url = "https://files.pythonhosted.org/packages/ff/a3/eb7713abfd0a079d24b775d01c6578afbcc6676d89508ab3cbebd5c836ea/greenlet-3.2.2-cp39-cp39-win_amd64.whl", hash = "sha256:eeb27bece45c0c2a5842ac4c5a1b5c2ceaefe5711078eed4e8043159fa05c834", size = 294863, upload-time = "2025-05-09T15:09:46.366Z" },
]

[[package]]
name = "python-dotenv"
version = "1.1.0"
source = { registry = "https://pypi.org/simple" }
sdist = { url = "https://files.pythonhosted.org/packages/88/2c/7bb1416c5620485aa793f2de31d3df393d3686aa8a8506d11e10e13c5baf/python_dotenv-1.1.0.tar.gz", hash = "sha256:41f90bc6f5f177fb41f53e87666db362025010eb28f60a01c9143bfa33a2b2d5", size = 39920, upload-time = "2025-03-25T10:14:56.835Z" }
wheels = [
    { url = "https://files.pythonhosted.org/packages/1e/18/98a99ad95133c6a6e2005fe89faedf294a748bd5dc803008059409ac9b1e/python_dotenv-1.1.0-py3-none-any.whl", hash = "sha256:d7c01d9e2293916c18baf562d95698754b0dbbb5e74d457c45d4f6561fb9d55d", size = 20256, upload-time = "2025-03-25T10:14:55.034Z" },
]

[[package]]
name = "retrofun"
version = "0.1.0"
source = { virtual = "." }
dependencies = [
    { name = "python-dotenv" },
    { name = "sqlalchemy" },
]

[package.metadata]
requires-dist = [
    { name = "python-dotenv", specifier = ">=1.1.0" },
    { name = "sqlalchemy", specifier = ">=2.0.41" },
]

[[package]]
name = "sqlalchemy"
version = "2.0.41"
source = { registry = "https://pypi.org/simple" }
dependencies = [
    { name = "greenlet", marker = "(python_full_version < '3.14' and platform_machine == 'AMD64') or (python_full_version < '3.14' and platform_machine == 'WIN32') or (python_full_version < '3.14' and platform_machine == 'aarch64') or (python_full_version < '3.14' and platform_machine == 'amd64') or (python_full_version < '3.14' and platform_machine == 'ppc64le') or (python_full_version < '3.14' and platform_machine == 'win32') or (python_full_version < '3.14' and platform_machine == 'x86_64')" },
    { name = "typing-extensions" },
]
sdist = { url = "https://files.pythonhosted.org/packages/63/66/45b165c595ec89aa7dcc2c1cd222ab269bc753f1fc7a1e68f8481bd957bf/sqlalchemy-2.0.41.tar.gz", hash = "sha256:edba70118c4be3c2b1f90754d308d0b79c6fe2c0fdc52d8ddf603916f83f4db9", size = 9689424, upload-time = "2025-05-14T17:10:32.339Z" }
wheels = [
    { url = "https://files.pythonhosted.org/packages/e9/12/d7c445b1940276a828efce7331cb0cb09d6e5f049651db22f4ebb0922b77/sqlalchemy-2.0.41-cp310-cp310-macosx_10_9_x86_64.whl", hash = "sha256:b1f09b6821406ea1f94053f346f28f8215e293344209129a9c0fcc3578598d7b", size = 2117967, upload-time = "2025-05-14T17:48:15.841Z" },
    { url = "https://files.pythonhosted.org/packages/6f/b8/cb90f23157e28946b27eb01ef401af80a1fab7553762e87df51507eaed61/sqlalchemy-2.0.41-cp310-cp310-macosx_11_0_arm64.whl", hash = "sha256:1936af879e3db023601196a1684d28e12f19ccf93af01bf3280a3262c4b6b4e5", size = 2107583, upload-time = "2025-05-14T17:48:18.688Z" },
    { url = "https://files.pythonhosted.org/packages/9e/c2/eef84283a1c8164a207d898e063edf193d36a24fb6a5bb3ce0634b92a1e8/sqlalchemy-2.0.41-cp310-cp310-manylinux_2_17_aarch64.manylinux2014_aarch64.whl", hash = "sha256:b2ac41acfc8d965fb0c464eb8f44995770239668956dc4cdf502d1b1ffe0d747", size = 3186025, upload-time = "2025-05-14T17:51:51.226Z" },
    { url = "https://files.pythonhosted.org/packages/bd/72/49d52bd3c5e63a1d458fd6d289a1523a8015adedbddf2c07408ff556e772/sqlalchemy-2.0.41-cp310-cp310-manylinux_2_17_x86_64.manylinux2014_x86_64.whl", hash = "sha256:81c24e0c0fde47a9723c81d5806569cddef103aebbf79dbc9fcbb617153dea30", size = 3186259, upload-time = "2025-05-14T17:55:22.526Z" },
    { url = "https://files.pythonhosted.org/packages/4f/9e/e3ffc37d29a3679a50b6bbbba94b115f90e565a2b4545abb17924b94c52d/sqlalchemy-2.0.41-cp310-cp310-musllinux_1_2_aarch64.whl", hash = "sha256:23a8825495d8b195c4aa9ff1c430c28f2c821e8c5e2d98089228af887e5d7e29", size = 3126803, upload-time = "2025-05-14T17:51:53.277Z" },
    { url = "https://files.pythonhosted.org/packages/8a/76/56b21e363f6039978ae0b72690237b38383e4657281285a09456f313dd77/sqlalchemy-2.0.41-cp310-cp310-musllinux_1_2_x86_64.whl", hash = "sha256:60c578c45c949f909a4026b7807044e7e564adf793537fc762b2489d522f3d11", size = 3148566, upload-time = "2025-05-14T17:55:24.398Z" },
    { url = "https://files.pythonhosted.org/packages/3b/92/11b8e1b69bf191bc69e300a99badbbb5f2f1102f2b08b39d9eee2e21f565/sqlalchemy-2.0.41-cp310-cp310-win32.whl", hash = "sha256:118c16cd3f1b00c76d69343e38602006c9cfb9998fa4f798606d28d63f23beda", size = 2086696, upload-time = "2025-05-14T17:55:59.136Z" },
    { url = "https://files.pythonhosted.org/packages/5c/88/2d706c9cc4502654860f4576cd54f7db70487b66c3b619ba98e0be1a4642/sqlalchemy-2.0.41-cp310-cp310-win_amd64.whl", hash = "sha256:7492967c3386df69f80cf67efd665c0f667cee67032090fe01d7d74b0e19bb08", size = 2110200, upload-time = "2025-05-14T17:56:00.757Z" },
    { url = "https://files.pythonhosted.org/packages/37/4e/b00e3ffae32b74b5180e15d2ab4040531ee1bef4c19755fe7926622dc958/sqlalchemy-2.0.41-cp311-cp311-macosx_10_9_x86_64.whl", hash = "sha256:6375cd674fe82d7aa9816d1cb96ec592bac1726c11e0cafbf40eeee9a4516b5f", size = 2121232, upload-time = "2025-05-14T17:48:20.444Z" },
    { url = "https://files.pythonhosted.org/packages/ef/30/6547ebb10875302074a37e1970a5dce7985240665778cfdee2323709f749/sqlalchemy-2.0.41-cp311-cp311-macosx_11_0_arm64.whl", hash = "sha256:9f8c9fdd15a55d9465e590a402f42082705d66b05afc3ffd2d2eb3c6ba919560", size = 2110897, upload-time = "2025-05-14T17:48:21.634Z" },
    { url = "https://files.pythonhosted.org/packages/9e/21/59df2b41b0f6c62da55cd64798232d7349a9378befa7f1bb18cf1dfd510a/sqlalchemy-2.0.41-cp311-cp311-manylinux_2_17_aarch64.manylinux2014_aarch64.whl", hash = "sha256:32f9dc8c44acdee06c8fc6440db9eae8b4af8b01e4b1aee7bdd7241c22edff4f", size = 3273313, upload-time = "2025-05-14T17:51:56.205Z" },
    { url = "https://files.pythonhosted.org/packages/62/e4/b9a7a0e5c6f79d49bcd6efb6e90d7536dc604dab64582a9dec220dab54b6/sqlalchemy-2.0.41-cp311-cp311-manylinux_2_17_x86_64.manylinux2014_x86_64.whl", hash = "sha256:90c11ceb9a1f482c752a71f203a81858625d8df5746d787a4786bca4ffdf71c6", size = 3273807, upload-time = "2025-05-14T17:55:26.928Z" },
    { url = "https://files.pythonhosted.org/packages/39/d8/79f2427251b44ddee18676c04eab038d043cff0e764d2d8bb08261d6135d/sqlalchemy-2.0.41-cp311-cp311-musllinux_1_2_aarch64.whl", hash = "sha256:911cc493ebd60de5f285bcae0491a60b4f2a9f0f5c270edd1c4dbaef7a38fc04", size = 3209632, upload-time = "2025-05-14T17:51:59.384Z" },
    { url = "https://files.pythonhosted.org/packages/d4/16/730a82dda30765f63e0454918c982fb7193f6b398b31d63c7c3bd3652ae5/sqlalchemy-2.0.41-cp311-cp311-musllinux_1_2_x86_64.whl", hash = "sha256:03968a349db483936c249f4d9cd14ff2c296adfa1290b660ba6516f973139582", size = 3233642, upload-time = "2025-05-14T17:55:29.901Z" },
    { url = "https://files.pythonhosted.org/packages/04/61/c0d4607f7799efa8b8ea3c49b4621e861c8f5c41fd4b5b636c534fcb7d73/sqlalchemy-2.0.41-cp311-cp311-win32.whl", hash = "sha256:293cd444d82b18da48c9f71cd7005844dbbd06ca19be1ccf6779154439eec0b8", size = 2086475, upload-time = "2025-05-14T17:56:02.095Z" },
    { url = "https://files.pythonhosted.org/packages/9d/8e/8344f8ae1cb6a479d0741c02cd4f666925b2bf02e2468ddaf5ce44111f30/sqlalchemy-2.0.41-cp311-cp311-win_amd64.whl", hash = "sha256:3d3549fc3e40667ec7199033a4e40a2f669898a00a7b18a931d3efb4c7900504", size = 2110903, upload-time = "2025-05-14T17:56:03.499Z" },
    { url = "https://files.pythonhosted.org/packages/3e/2a/f1f4e068b371154740dd10fb81afb5240d5af4aa0087b88d8b308b5429c2/sqlalchemy-2.0.41-cp312-cp312-macosx_10_13_x86_64.whl", hash = "sha256:81f413674d85cfd0dfcd6512e10e0f33c19c21860342a4890c3a2b59479929f9", size = 2119645, upload-time = "2025-05-14T17:55:24.854Z" },
    { url = "https://files.pythonhosted.org/packages/9b/e8/c664a7e73d36fbfc4730f8cf2bf930444ea87270f2825efbe17bf808b998/sqlalchemy-2.0.41-cp312-cp312-macosx_11_0_arm64.whl", hash = "sha256:598d9ebc1e796431bbd068e41e4de4dc34312b7aa3292571bb3674a0cb415dd1", size = 2107399, upload-time = "2025-05-14T17:55:28.097Z" },
    { url = "https://files.pythonhosted.org/packages/5c/78/8a9cf6c5e7135540cb682128d091d6afa1b9e48bd049b0d691bf54114f70/sqlalchemy-2.0.41-cp312-cp312-manylinux_2_17_aarch64.manylinux2014_aarch64.whl", hash = "sha256:a104c5694dfd2d864a6f91b0956eb5d5883234119cb40010115fd45a16da5e70", size = 3293269, upload-time = "2025-05-14T17:50:38.227Z" },
    { url = "https://files.pythonhosted.org/packages/3c/35/f74add3978c20de6323fb11cb5162702670cc7a9420033befb43d8d5b7a4/sqlalchemy-2.0.41-cp312-cp312-manylinux_2_17_x86_64.manylinux2014_x86_64.whl", hash = "sha256:6145afea51ff0af7f2564a05fa95eb46f542919e6523729663a5d285ecb3cf5e", size = 3303364, upload-time = "2025-05-14T17:51:49.829Z" },
    { url = "https://files.pythonhosted.org/packages/6a/d4/c990f37f52c3f7748ebe98883e2a0f7d038108c2c5a82468d1ff3eec50b7/sqlalchemy-2.0.41-cp312-cp312-musllinux_1_2_aarch64.whl", hash = "sha256:b46fa6eae1cd1c20e6e6f44e19984d438b6b2d8616d21d783d150df714f44078", size = 3229072, upload-time = "2025-05-14T17:50:39.774Z" },
    { url = "https://files.pythonhosted.org/packages/15/69/cab11fecc7eb64bc561011be2bd03d065b762d87add52a4ca0aca2e12904/sqlalchemy-2.0.41-cp312-cp312-musllinux_1_2_x86_64.whl", hash = "sha256:41836fe661cc98abfae476e14ba1906220f92c4e528771a8a3ae6a151242d2ae", size = 3268074, upload-time = "2025-05-14T17:51:51.736Z" },
    { url = "https://files.pythonhosted.org/packages/5c/ca/0c19ec16858585d37767b167fc9602593f98998a68a798450558239fb04a/sqlalchemy-2.0.41-cp312-cp312-win32.whl", hash = "sha256:a8808d5cf866c781150d36a3c8eb3adccfa41a8105d031bf27e92c251e3969d6", size = 2084514, upload-time = "2025-05-14T17:55:49.915Z" },
    { url = "https://files.pythonhosted.org/packages/7f/23/4c2833d78ff3010a4e17f984c734f52b531a8c9060a50429c9d4b0211be6/sqlalchemy-2.0.41-cp312-cp312-win_amd64.whl", hash = "sha256:5b14e97886199c1f52c14629c11d90c11fbb09e9334fa7bb5f6d068d9ced0ce0", size = 2111557, upload-time = "2025-05-14T17:55:51.349Z" },
    { url = "https://files.pythonhosted.org/packages/d3/ad/2e1c6d4f235a97eeef52d0200d8ddda16f6c4dd70ae5ad88c46963440480/sqlalchemy-2.0.41-cp313-cp313-macosx_10_13_x86_64.whl", hash = "sha256:4eeb195cdedaf17aab6b247894ff2734dcead6c08f748e617bfe05bd5a218443", size = 2115491, upload-time = "2025-05-14T17:55:31.177Z" },
    { url = "https://files.pythonhosted.org/packages/cf/8d/be490e5db8400dacc89056f78a52d44b04fbf75e8439569d5b879623a53b/sqlalchemy-2.0.41-cp313-cp313-macosx_11_0_arm64.whl", hash = "sha256:d4ae769b9c1c7757e4ccce94b0641bc203bbdf43ba7a2413ab2523d8d047d8dc", size = 2102827, upload-time = "2025-05-14T17:55:34.921Z" },
    { url = "https://files.pythonhosted.org/packages/a0/72/c97ad430f0b0e78efaf2791342e13ffeafcbb3c06242f01a3bb8fe44f65d/sqlalchemy-2.0.41-cp313-cp313-manylinux_2_17_aarch64.manylinux2014_aarch64.whl", hash = "sha256:a62448526dd9ed3e3beedc93df9bb6b55a436ed1474db31a2af13b313a70a7e1", size = 3225224, upload-time = "2025-05-14T17:50:41.418Z" },
    { url = "https://files.pythonhosted.org/packages/5e/51/5ba9ea3246ea068630acf35a6ba0d181e99f1af1afd17e159eac7e8bc2b8/sqlalchemy-2.0.41-cp313-cp313-manylinux_2_17_x86_64.manylinux2014_x86_64.whl", hash = "sha256:dc56c9788617b8964ad02e8fcfeed4001c1f8ba91a9e1f31483c0dffb207002a", size = 3230045, upload-time = "2025-05-14T17:51:54.722Z" },
    { url = "https://files.pythonhosted.org/packages/78/2f/8c14443b2acea700c62f9b4a8bad9e49fc1b65cfb260edead71fd38e9f19/sqlalchemy-2.0.41-cp313-cp313-musllinux_1_2_aarch64.whl", hash = "sha256:c153265408d18de4cc5ded1941dcd8315894572cddd3c58df5d5b5705b3fa28d", size = 3159357, upload-time = "2025-05-14T17:50:43.483Z" },
    { url = "https://files.pythonhosted.org/packages/fc/b2/43eacbf6ccc5276d76cea18cb7c3d73e294d6fb21f9ff8b4eef9b42bbfd5/sqlalchemy-2.0.41-cp313-cp313-musllinux_1_2_x86_64.whl", hash = "sha256:4f67766965996e63bb46cfbf2ce5355fc32d9dd3b8ad7e536a920ff9ee422e23", size = 3197511, upload-time = "2025-05-14T17:51:57.308Z" },
    { url = "https://files.pythonhosted.org/packages/fa/2e/677c17c5d6a004c3c45334ab1dbe7b7deb834430b282b8a0f75ae220c8eb/sqlalchemy-2.0.41-cp313-cp313-win32.whl", hash = "sha256:bfc9064f6658a3d1cadeaa0ba07570b83ce6801a1314985bf98ec9b95d74e15f", size = 2082420, upload-time = "2025-05-14T17:55:52.69Z" },
    { url = "https://files.pythonhosted.org/packages/e9/61/e8c1b9b6307c57157d328dd8b8348ddc4c47ffdf1279365a13b2b98b8049/sqlalchemy-2.0.41-cp313-cp313-win_amd64.whl", hash = "sha256:82ca366a844eb551daff9d2e6e7a9e5e76d2612c8564f58db6c19a726869c1df", size = 2108329, upload-time = "2025-05-14T17:55:54.495Z" },
    { url = "https://files.pythonhosted.org/packages/dd/1c/3d2a893c020fcc18463794e0a687de58044d1c8a9892d23548ca7e71274a/sqlalchemy-2.0.41-cp39-cp39-macosx_10_9_x86_64.whl", hash = "sha256:9a420a91913092d1e20c86a2f5f1fc85c1a8924dbcaf5e0586df8aceb09c9cc2", size = 2121327, upload-time = "2025-05-14T18:01:30.842Z" },
    { url = "https://files.pythonhosted.org/packages/3e/84/389c8f7c7b465682c4e5ba97f6e7825149a6625c629e09b5e872ec3b378f/sqlalchemy-2.0.41-cp39-cp39-macosx_11_0_arm64.whl", hash = "sha256:906e6b0d7d452e9a98e5ab8507c0da791856b2380fdee61b765632bb8698026f", size = 2110739, upload-time = "2025-05-14T18:01:32.881Z" },
    { url = "https://files.pythonhosted.org/packages/b2/3d/036e84ecb46d6687fa57dc25ab366dff50773a19364def210b8770fd1516/sqlalchemy-2.0.41-cp39-cp39-manylinux_2_17_aarch64.manylinux2014_aarch64.whl", hash = "sha256:a373a400f3e9bac95ba2a06372c4fd1412a7cee53c37fc6c05f829bf672b8769", size = 3198018, upload-time = "2025-05-14T17:57:53.791Z" },
    { url = "https://files.pythonhosted.org/packages/8d/de/112e2142bf730a16a6cb43efc87e36dd62426e155727490c041130c6e852/sqlalchemy-2.0.41-cp39-cp39-manylinux_2_17_x86_64.manylinux2014_x86_64.whl", hash = "sha256:087b6b52de812741c27231b5a3586384d60c353fbd0e2f81405a814b5591dc8b", size = 3197074, upload-time = "2025-05-14T17:36:18.732Z" },
    { url = "https://files.pythonhosted.org/packages/d4/be/a766c78ec3050cb5b734c3087cd20bafd7370b0ab0c8636a87652631af1f/sqlalchemy-2.0.41-cp39-cp39-musllinux_1_2_aarch64.whl", hash = "sha256:34ea30ab3ec98355235972dadc497bb659cc75f8292b760394824fab9cf39826", size = 3138698, upload-time = "2025-05-14T17:57:55.395Z" },
    { url = "https://files.pythonhosted.org/packages/e5/c3/245e39ec45e1a8c86ff1ac3a88b13d0457307ac728eaeb217834a3ac6813/sqlalchemy-2.0.41-cp39-cp39-musllinux_1_2_x86_64.whl", hash = "sha256:8280856dd7c6a68ab3a164b4a4b1c51f7691f6d04af4d4ca23d6ecf2261b7923", size = 3160877, upload-time = "2025-05-14T17:36:20.178Z" },
    { url = "https://files.pythonhosted.org/packages/d7/0c/cda8631405f6417208e160070b513bb752da0885e462fce42ac200c8262f/sqlalchemy-2.0.41-cp39-cp39-win32.whl", hash = "sha256:b50eab9994d64f4a823ff99a0ed28a6903224ddbe7fef56a6dd865eec9243440", size = 2089270, upload-time = "2025-05-14T18:01:41.315Z" },
    { url = "https://files.pythonhosted.org/packages/b0/1f/f68c58970d80ea5a1868ca5dc965d154a3b711f9ab06376ad9840d1475b8/sqlalchemy-2.0.41-cp39-cp39-win_amd64.whl", hash = "sha256:5e22575d169529ac3e0a120cf050ec9daa94b6a9597993d1702884f6954a7d71", size = 2113134, upload-time = "2025-05-14T18:01:42.801Z" },
    { url = "https://files.pythonhosted.org/packages/1c/fc/9ba22f01b5cdacc8f5ed0d22304718d2c758fce3fd49a5372b886a86f37c/sqlalchemy-2.0.41-py3-none-any.whl", hash = "sha256:57df5dc6fdb5ed1a88a1ed2195fd31927e705cad62dedd86b46972752a80f576", size = 1911224, upload-time = "2025-05-14T17:39:42.154Z" },
]

[[package]]
name = "typing-extensions"
version = "4.13.2"
source = { registry = "https://pypi.org/simple" }
sdist = { url = "https://files.pythonhosted.org/packages/f6/37/23083fcd6e35492953e8d2aaaa68b860eb422b34627b13f2ce3eb6106061/typing_extensions-4.13.2.tar.gz", hash = "sha256:e6c81219bd689f51865d9e372991c540bda33a0379d5573cddb9a3a23f7caaef", size = 106967, upload-time = "2025-04-10T14:19:05.416Z" }
wheels = [
    { url = "https://files.pythonhosted.org/packages/8b/54/b1ae86c0973cc6f0210b53d508ca3641fb6d0c56823f288d108bc7ab3cc8/typing_extensions-4.13.2-py3-none-any.whl", hash = "sha256:a439e7c04b49fec3e5d3e2beaa21755cadbbdc391694e28ccdd36ca4a1408f8c", size = 45806, upload-time = "2025-04-10T14:19:03.967Z" },
]
